// !$*UTF8*$!
{
	archiveVersion = 1;
	classes = {
	};
	objectVersion = 55;
	objects = {

/* Begin PBXBuildFile section */
		0201FD7528C2F35900023BEA /* DatabilityPersonalInfo.swift in Sources */ = {isa = PBXBuildFile; fileRef = 0201FD7428C2F35900023BEA /* DatabilityPersonalInfo.swift */; };
		022BBF2A28C2C889009DDA93 /* DatabilityLogin.swift in Sources */ = {isa = PBXBuildFile; fileRef = 022BBF2928C2C889009DDA93 /* DatabilityLogin.swift */; };
		022BBF2F28C2D0DA009DDA93 /* GoogleService-Info.plist in Resources */ = {isa = PBXBuildFile; fileRef = 022BBF2E28C2D0DA009DDA93 /* GoogleService-Info.plist */; };
		024B769728C3D348005C77A9 /* DatabilityMaps.swift in Sources */ = {isa = PBXBuildFile; fileRef = 024B769628C3D348005C77A9 /* DatabilityMaps.swift */; };
		02ABD77928C2C2E800A7D455 /* AppDelegate.swift in Sources */ = {isa = PBXBuildFile; fileRef = 02ABD77828C2C2E800A7D455 /* AppDelegate.swift */; };
		02ABD77B28C2C2E800A7D455 /* SceneDelegate.swift in Sources */ = {isa = PBXBuildFile; fileRef = 02ABD77A28C2C2E800A7D455 /* SceneDelegate.swift */; };
		02ABD77D28C2C2E800A7D455 /* ViewController.swift in Sources */ = {isa = PBXBuildFile; fileRef = 02ABD77C28C2C2E800A7D455 /* ViewController.swift */; };
		02ABD78028C2C2E800A7D455 /* Main.storyboard in Resources */ = {isa = PBXBuildFile; fileRef = 02ABD77E28C2C2E800A7D455 /* Main.storyboard */; };
		02ABD78228C2C2ED00A7D455 /* Assets.xcassets in Resources */ = {isa = PBXBuildFile; fileRef = 02ABD78128C2C2ED00A7D455 /* Assets.xcassets */; };
		02ABD78528C2C2ED00A7D455 /* LaunchScreen.storyboard in Resources */ = {isa = PBXBuildFile; fileRef = 02ABD78328C2C2ED00A7D455 /* LaunchScreen.storyboard */; };
		02ABD79028C2C2ED00A7D455 /* DatabilityTests.swift in Sources */ = {isa = PBXBuildFile; fileRef = 02ABD78F28C2C2ED00A7D455 /* DatabilityTests.swift */; };
		02ABD79A28C2C2ED00A7D455 /* DatabilityUITests.swift in Sources */ = {isa = PBXBuildFile; fileRef = 02ABD79928C2C2ED00A7D455 /* DatabilityUITests.swift */; };
		02ABD79C28C2C2ED00A7D455 /* DatabilityUITestsLaunchTests.swift in Sources */ = {isa = PBXBuildFile; fileRef = 02ABD79B28C2C2ED00A7D455 /* DatabilityUITestsLaunchTests.swift */; };
		02B8744828C30E2200A0EA2D /* BottomBar-SwiftUI in Frameworks */ = {isa = PBXBuildFile; productRef = 02B8744728C30E2200A0EA2D /* BottomBar-SwiftUI */; };
		02B8744A28C30FE700A0EA2D /* DatabilityChallenges.swift in Sources */ = {isa = PBXBuildFile; fileRef = 02B8744928C30FE700A0EA2D /* DatabilityChallenges.swift */; };
		02B8744C28C33BBE00A0EA2D /* HomeBottomBar.swift in Sources */ = {isa = PBXBuildFile; fileRef = 02B8744B28C33BBE00A0EA2D /* HomeBottomBar.swift */; };
		02B8744E28C357B000A0EA2D /* DatabilityChallengeExplanation.swift in Sources */ = {isa = PBXBuildFile; fileRef = 02B8744D28C357B000A0EA2D /* DatabilityChallengeExplanation.swift */; };
		02B8745028C36DCA00A0EA2D /* PlantScannerPost.swift in Sources */ = {isa = PBXBuildFile; fileRef = 02B8744F28C36DCA00A0EA2D /* PlantScannerPost.swift */; };
		02C8E50328C3007600A41A99 /* DatabilityUser.swift in Sources */ = {isa = PBXBuildFile; fileRef = 02C8E50228C3007600A41A99 /* DatabilityUser.swift */; };
		02C8E50528C3007E00A41A99 /* DatabilityProfile.swift in Sources */ = {isa = PBXBuildFile; fileRef = 02C8E50428C3007E00A41A99 /* DatabilityProfile.swift */; };
		02C8E50728C3027000A41A99 /* DatabilityUserLoginFirebase.swift in Sources */ = {isa = PBXBuildFile; fileRef = 02C8E50628C3027000A41A99 /* DatabilityUserLoginFirebase.swift */; };
		02C8E50928C308F800A41A99 /* DatabilityFetchFirestoreProfile.swift in Sources */ = {isa = PBXBuildFile; fileRef = 02C8E50828C308F800A41A99 /* DatabilityFetchFirestoreProfile.swift */; };
		2C06D0E7D9F461DECF2439AF /* Pods_DatabilityTests.framework in Frameworks */ = {isa = PBXBuildFile; fileRef = AF325D2831AAE66878F99856 /* Pods_DatabilityTests.framework */; };
		702603B34BC11E33DE79B29E /* Pods_Datability_DatabilityUITests.framework in Frameworks */ = {isa = PBXBuildFile; fileRef = 305743824C3483FD81EB7944 /* Pods_Datability_DatabilityUITests.framework */; };
		D0D283459E7ABE8ED992D5FA /* Pods_Datability.framework in Frameworks */ = {isa = PBXBuildFile; fileRef = C5F79FDE3784759D96BFC034 /* Pods_Datability.framework */; };
/* End PBXBuildFile section */

/* Begin PBXContainerItemProxy section */
		02ABD78C28C2C2ED00A7D455 /* PBXContainerItemProxy */ = {
			isa = PBXContainerItemProxy;
			containerPortal = 02ABD76D28C2C2E800A7D455 /* Project object */;
			proxyType = 1;
			remoteGlobalIDString = 02ABD77428C2C2E800A7D455;
			remoteInfo = Datability;
		};
		02ABD79628C2C2ED00A7D455 /* PBXContainerItemProxy */ = {
			isa = PBXContainerItemProxy;
			containerPortal = 02ABD76D28C2C2E800A7D455 /* Project object */;
			proxyType = 1;
			remoteGlobalIDString = 02ABD77428C2C2E800A7D455;
			remoteInfo = Datability;
		};
/* End PBXContainerItemProxy section */

/* Begin PBXFileReference section */
		0201FD7428C2F35900023BEA /* DatabilityPersonalInfo.swift */ = {isa = PBXFileReference; lastKnownFileType = sourcecode.swift; path = DatabilityPersonalInfo.swift; sourceTree = "<group>"; };
		022BBF2928C2C889009DDA93 /* DatabilityLogin.swift */ = {isa = PBXFileReference; lastKnownFileType = sourcecode.swift; path = DatabilityLogin.swift; sourceTree = "<group>"; };
		022BBF2D28C2D060009DDA93 /* Datability.entitlements */ = {isa = PBXFileReference; lastKnownFileType = text.plist.entitlements; path = Datability.entitlements; sourceTree = "<group>"; };
		022BBF2E28C2D0DA009DDA93 /* GoogleService-Info.plist */ = {isa = PBXFileReference; fileEncoding = 4; lastKnownFileType = text.plist.xml; path = "GoogleService-Info.plist"; sourceTree = "<group>"; };
		024B769628C3D348005C77A9 /* DatabilityMaps.swift */ = {isa = PBXFileReference; lastKnownFileType = sourcecode.swift; path = DatabilityMaps.swift; sourceTree = "<group>"; };
		02ABD77528C2C2E800A7D455 /* Datability.app */ = {isa = PBXFileReference; explicitFileType = wrapper.application; includeInIndex = 0; path = Datability.app; sourceTree = BUILT_PRODUCTS_DIR; };
		02ABD77828C2C2E800A7D455 /* AppDelegate.swift */ = {isa = PBXFileReference; lastKnownFileType = sourcecode.swift; path = AppDelegate.swift; sourceTree = "<group>"; };
		02ABD77A28C2C2E800A7D455 /* SceneDelegate.swift */ = {isa = PBXFileReference; lastKnownFileType = sourcecode.swift; path = SceneDelegate.swift; sourceTree = "<group>"; };
		02ABD77C28C2C2E800A7D455 /* ViewController.swift */ = {isa = PBXFileReference; lastKnownFileType = sourcecode.swift; path = ViewController.swift; sourceTree = "<group>"; };
		02ABD77F28C2C2E800A7D455 /* Base */ = {isa = PBXFileReference; lastKnownFileType = file.storyboard; name = Base; path = Base.lproj/Main.storyboard; sourceTree = "<group>"; };
		02ABD78128C2C2ED00A7D455 /* Assets.xcassets */ = {isa = PBXFileReference; lastKnownFileType = folder.assetcatalog; path = Assets.xcassets; sourceTree = "<group>"; };
		02ABD78428C2C2ED00A7D455 /* Base */ = {isa = PBXFileReference; lastKnownFileType = file.storyboard; name = Base; path = Base.lproj/LaunchScreen.storyboard; sourceTree = "<group>"; };
		02ABD78628C2C2ED00A7D455 /* Info.plist */ = {isa = PBXFileReference; lastKnownFileType = text.plist.xml; path = Info.plist; sourceTree = "<group>"; };
		02ABD78B28C2C2ED00A7D455 /* DatabilityTests.xctest */ = {isa = PBXFileReference; explicitFileType = wrapper.cfbundle; includeInIndex = 0; path = DatabilityTests.xctest; sourceTree = BUILT_PRODUCTS_DIR; };
		02ABD78F28C2C2ED00A7D455 /* DatabilityTests.swift */ = {isa = PBXFileReference; lastKnownFileType = sourcecode.swift; path = DatabilityTests.swift; sourceTree = "<group>"; };
		02ABD79528C2C2ED00A7D455 /* DatabilityUITests.xctest */ = {isa = PBXFileReference; explicitFileType = wrapper.cfbundle; includeInIndex = 0; path = DatabilityUITests.xctest; sourceTree = BUILT_PRODUCTS_DIR; };
		02ABD79928C2C2ED00A7D455 /* DatabilityUITests.swift */ = {isa = PBXFileReference; lastKnownFileType = sourcecode.swift; path = DatabilityUITests.swift; sourceTree = "<group>"; };
		02ABD79B28C2C2ED00A7D455 /* DatabilityUITestsLaunchTests.swift */ = {isa = PBXFileReference; lastKnownFileType = sourcecode.swift; path = DatabilityUITestsLaunchTests.swift; sourceTree = "<group>"; };
		02B8744928C30FE700A0EA2D /* DatabilityChallenges.swift */ = {isa = PBXFileReference; lastKnownFileType = sourcecode.swift; path = DatabilityChallenges.swift; sourceTree = "<group>"; };
		02B8744B28C33BBE00A0EA2D /* HomeBottomBar.swift */ = {isa = PBXFileReference; lastKnownFileType = sourcecode.swift; path = HomeBottomBar.swift; sourceTree = "<group>"; };
		02B8744D28C357B000A0EA2D /* DatabilityChallengeExplanation.swift */ = {isa = PBXFileReference; lastKnownFileType = sourcecode.swift; path = DatabilityChallengeExplanation.swift; sourceTree = "<group>"; };
		02B8744F28C36DCA00A0EA2D /* PlantScannerPost.swift */ = {isa = PBXFileReference; lastKnownFileType = sourcecode.swift; path = PlantScannerPost.swift; sourceTree = "<group>"; };
		02C8E50228C3007600A41A99 /* DatabilityUser.swift */ = {isa = PBXFileReference; fileEncoding = 4; lastKnownFileType = sourcecode.swift; path = DatabilityUser.swift; sourceTree = "<group>"; };
		02C8E50428C3007E00A41A99 /* DatabilityProfile.swift */ = {isa = PBXFileReference; fileEncoding = 4; lastKnownFileType = sourcecode.swift; path = DatabilityProfile.swift; sourceTree = "<group>"; };
		02C8E50628C3027000A41A99 /* DatabilityUserLoginFirebase.swift */ = {isa = PBXFileReference; lastKnownFileType = sourcecode.swift; path = DatabilityUserLoginFirebase.swift; sourceTree = "<group>"; };
		02C8E50828C308F800A41A99 /* DatabilityFetchFirestoreProfile.swift */ = {isa = PBXFileReference; fileEncoding = 4; lastKnownFileType = sourcecode.swift; path = DatabilityFetchFirestoreProfile.swift; sourceTree = "<group>"; };
		21560270074302CB1A9FFBD8 /* Pods-Datability.debug.xcconfig */ = {isa = PBXFileReference; includeInIndex = 1; lastKnownFileType = text.xcconfig; name = "Pods-Datability.debug.xcconfig"; path = "Target Support Files/Pods-Datability/Pods-Datability.debug.xcconfig"; sourceTree = "<group>"; };
		25B9D97C35E33989FB519F90 /* Pods-DatabilityTests.release.xcconfig */ = {isa = PBXFileReference; includeInIndex = 1; lastKnownFileType = text.xcconfig; name = "Pods-DatabilityTests.release.xcconfig"; path = "Target Support Files/Pods-DatabilityTests/Pods-DatabilityTests.release.xcconfig"; sourceTree = "<group>"; };
		305743824C3483FD81EB7944 /* Pods_Datability_DatabilityUITests.framework */ = {isa = PBXFileReference; explicitFileType = wrapper.framework; includeInIndex = 0; path = Pods_Datability_DatabilityUITests.framework; sourceTree = BUILT_PRODUCTS_DIR; };
		62DCD164EBE6E2009F24362B /* Pods-Datability-DatabilityUITests.release.xcconfig */ = {isa = PBXFileReference; includeInIndex = 1; lastKnownFileType = text.xcconfig; name = "Pods-Datability-DatabilityUITests.release.xcconfig"; path = "Target Support Files/Pods-Datability-DatabilityUITests/Pods-Datability-DatabilityUITests.release.xcconfig"; sourceTree = "<group>"; };
		AF325D2831AAE66878F99856 /* Pods_DatabilityTests.framework */ = {isa = PBXFileReference; explicitFileType = wrapper.framework; includeInIndex = 0; path = Pods_DatabilityTests.framework; sourceTree = BUILT_PRODUCTS_DIR; };
		C3E8939A588DC295E51585FC /* Pods-Datability.release.xcconfig */ = {isa = PBXFileReference; includeInIndex = 1; lastKnownFileType = text.xcconfig; name = "Pods-Datability.release.xcconfig"; path = "Target Support Files/Pods-Datability/Pods-Datability.release.xcconfig"; sourceTree = "<group>"; };
		C5F79FDE3784759D96BFC034 /* Pods_Datability.framework */ = {isa = PBXFileReference; explicitFileType = wrapper.framework; includeInIndex = 0; path = Pods_Datability.framework; sourceTree = BUILT_PRODUCTS_DIR; };
		C8F22F890DE29D2996A7F859 /* Pods-DatabilityTests.debug.xcconfig */ = {isa = PBXFileReference; includeInIndex = 1; lastKnownFileType = text.xcconfig; name = "Pods-DatabilityTests.debug.xcconfig"; path = "Target Support Files/Pods-DatabilityTests/Pods-DatabilityTests.debug.xcconfig"; sourceTree = "<group>"; };
		D14EE42813C206D889758C1E /* Pods-Datability-DatabilityUITests.debug.xcconfig */ = {isa = PBXFileReference; includeInIndex = 1; lastKnownFileType = text.xcconfig; name = "Pods-Datability-DatabilityUITests.debug.xcconfig"; path = "Target Support Files/Pods-Datability-DatabilityUITests/Pods-Datability-DatabilityUITests.debug.xcconfig"; sourceTree = "<group>"; };
/* End PBXFileReference section */

/* Begin PBXFrameworksBuildPhase section */
		02ABD77228C2C2E800A7D455 /* Frameworks */ = {
			isa = PBXFrameworksBuildPhase;
			buildActionMask = 2147483647;
			files = (
				D0D283459E7ABE8ED992D5FA /* Pods_Datability.framework in Frameworks */,
				02B8744828C30E2200A0EA2D /* BottomBar-SwiftUI in Frameworks */,
			);
			runOnlyForDeploymentPostprocessing = 0;
		};
		02ABD78828C2C2ED00A7D455 /* Frameworks */ = {
			isa = PBXFrameworksBuildPhase;
			buildActionMask = 2147483647;
			files = (
				2C06D0E7D9F461DECF2439AF /* Pods_DatabilityTests.framework in Frameworks */,
			);
			runOnlyForDeploymentPostprocessing = 0;
		};
		02ABD79228C2C2ED00A7D455 /* Frameworks */ = {
			isa = PBXFrameworksBuildPhase;
			buildActionMask = 2147483647;
			files = (
				702603B34BC11E33DE79B29E /* Pods_Datability_DatabilityUITests.framework in Frameworks */,
			);
			runOnlyForDeploymentPostprocessing = 0;
		};
/* End PBXFrameworksBuildPhase section */

/* Begin PBXGroup section */
		02ABD76C28C2C2E800A7D455 = {
			isa = PBXGroup;
			children = (
				02ABD77728C2C2E800A7D455 /* Datability */,
				02ABD78E28C2C2ED00A7D455 /* DatabilityTests */,
				02ABD79828C2C2ED00A7D455 /* DatabilityUITests */,
				02ABD77628C2C2E800A7D455 /* Products */,
				EB7195DDC25A676ABA2DD21A /* Pods */,
				DF2AB74EAA40BAF63EFF59C5 /* Frameworks */,
			);
			sourceTree = "<group>";
		};
		02ABD77628C2C2E800A7D455 /* Products */ = {
			isa = PBXGroup;
			children = (
				02ABD77528C2C2E800A7D455 /* Datability.app */,
				02ABD78B28C2C2ED00A7D455 /* DatabilityTests.xctest */,
				02ABD79528C2C2ED00A7D455 /* DatabilityUITests.xctest */,
			);
			name = Products;
			sourceTree = "<group>";
		};
		02ABD77728C2C2E800A7D455 /* Datability */ = {
			isa = PBXGroup;
			children = (
				022BBF2D28C2D060009DDA93 /* Datability.entitlements */,
				02ABD77828C2C2E800A7D455 /* AppDelegate.swift */,
				02ABD77A28C2C2E800A7D455 /* SceneDelegate.swift */,
				02ABD77C28C2C2E800A7D455 /* ViewController.swift */,
				0201FD7428C2F35900023BEA /* DatabilityPersonalInfo.swift */,
				02B8744928C30FE700A0EA2D /* DatabilityChallenges.swift */,
				024B769628C3D348005C77A9 /* DatabilityMaps.swift */,
				02B8744D28C357B000A0EA2D /* DatabilityChallengeExplanation.swift */,
				02B8744B28C33BBE00A0EA2D /* HomeBottomBar.swift */,
				022BBF2928C2C889009DDA93 /* DatabilityLogin.swift */,
				02C8E50228C3007600A41A99 /* DatabilityUser.swift */,
				02B8744F28C36DCA00A0EA2D /* PlantScannerPost.swift */,
				02C8E50628C3027000A41A99 /* DatabilityUserLoginFirebase.swift */,
				02C8E50428C3007E00A41A99 /* DatabilityProfile.swift */,
				02C8E50828C308F800A41A99 /* DatabilityFetchFirestoreProfile.swift */,
				02ABD77E28C2C2E800A7D455 /* Main.storyboard */,
				02ABD78128C2C2ED00A7D455 /* Assets.xcassets */,
				02ABD78328C2C2ED00A7D455 /* LaunchScreen.storyboard */,
				022BBF2E28C2D0DA009DDA93 /* GoogleService-Info.plist */,
				02ABD78628C2C2ED00A7D455 /* Info.plist */,
			);
			path = Datability;
			sourceTree = "<group>";
		};
		02ABD78E28C2C2ED00A7D455 /* DatabilityTests */ = {
			isa = PBXGroup;
			children = (
				02ABD78F28C2C2ED00A7D455 /* DatabilityTests.swift */,
			);
			path = DatabilityTests;
			sourceTree = "<group>";
		};
		02ABD79828C2C2ED00A7D455 /* DatabilityUITests */ = {
			isa = PBXGroup;
			children = (
				02ABD79928C2C2ED00A7D455 /* DatabilityUITests.swift */,
				02ABD79B28C2C2ED00A7D455 /* DatabilityUITestsLaunchTests.swift */,
			);
			path = DatabilityUITests;
			sourceTree = "<group>";
		};
		DF2AB74EAA40BAF63EFF59C5 /* Frameworks */ = {
			isa = PBXGroup;
			children = (
				C5F79FDE3784759D96BFC034 /* Pods_Datability.framework */,
				305743824C3483FD81EB7944 /* Pods_Datability_DatabilityUITests.framework */,
				AF325D2831AAE66878F99856 /* Pods_DatabilityTests.framework */,
			);
			name = Frameworks;
			sourceTree = "<group>";
		};
		EB7195DDC25A676ABA2DD21A /* Pods */ = {
			isa = PBXGroup;
			children = (
				21560270074302CB1A9FFBD8 /* Pods-Datability.debug.xcconfig */,
				C3E8939A588DC295E51585FC /* Pods-Datability.release.xcconfig */,
				D14EE42813C206D889758C1E /* Pods-Datability-DatabilityUITests.debug.xcconfig */,
				62DCD164EBE6E2009F24362B /* Pods-Datability-DatabilityUITests.release.xcconfig */,
				C8F22F890DE29D2996A7F859 /* Pods-DatabilityTests.debug.xcconfig */,
				25B9D97C35E33989FB519F90 /* Pods-DatabilityTests.release.xcconfig */,
			);
			path = Pods;
			sourceTree = "<group>";
		};
/* End PBXGroup section */

/* Begin PBXNativeTarget section */
		02ABD77428C2C2E800A7D455 /* Datability */ = {
			isa = PBXNativeTarget;
			buildConfigurationList = 02ABD79F28C2C2ED00A7D455 /* Build configuration list for PBXNativeTarget "Datability" */;
			buildPhases = (
				C1648DC56D4EE8A49CBD7B85 /* [CP] Check Pods Manifest.lock */,
				02ABD77128C2C2E800A7D455 /* Sources */,
				02ABD77228C2C2E800A7D455 /* Frameworks */,
				02ABD77328C2C2E800A7D455 /* Resources */,
				55025377FEFD5E734ADE3E12 /* [CP] Embed Pods Frameworks */,
			);
			buildRules = (
			);
			dependencies = (
			);
			name = Datability;
			packageProductDependencies = (
				02B8744728C30E2200A0EA2D /* BottomBar-SwiftUI */,
			);
			productName = Datability;
			productReference = 02ABD77528C2C2E800A7D455 /* Datability.app */;
			productType = "com.apple.product-type.application";
		};
		02ABD78A28C2C2ED00A7D455 /* DatabilityTests */ = {
			isa = PBXNativeTarget;
			buildConfigurationList = 02ABD7A228C2C2ED00A7D455 /* Build configuration list for PBXNativeTarget "DatabilityTests" */;
			buildPhases = (
				AE3F8302D92CB0BE6A46124D /* [CP] Check Pods Manifest.lock */,
				02ABD78728C2C2ED00A7D455 /* Sources */,
				02ABD78828C2C2ED00A7D455 /* Frameworks */,
				02ABD78928C2C2ED00A7D455 /* Resources */,
			);
			buildRules = (
			);
			dependencies = (
				02ABD78D28C2C2ED00A7D455 /* PBXTargetDependency */,
			);
			name = DatabilityTests;
			productName = DatabilityTests;
			productReference = 02ABD78B28C2C2ED00A7D455 /* DatabilityTests.xctest */;
			productType = "com.apple.product-type.bundle.unit-test";
		};
		02ABD79428C2C2ED00A7D455 /* DatabilityUITests */ = {
			isa = PBXNativeTarget;
			buildConfigurationList = 02ABD7A528C2C2ED00A7D455 /* Build configuration list for PBXNativeTarget "DatabilityUITests" */;
			buildPhases = (
				C9E81D54E6A36B2CBC07D276 /* [CP] Check Pods Manifest.lock */,
				02ABD79128C2C2ED00A7D455 /* Sources */,
				02ABD79228C2C2ED00A7D455 /* Frameworks */,
				02ABD79328C2C2ED00A7D455 /* Resources */,
				76D0D570A59F93D4A3CE900F /* [CP] Embed Pods Frameworks */,
			);
			buildRules = (
			);
			dependencies = (
				02ABD79728C2C2ED00A7D455 /* PBXTargetDependency */,
			);
			name = DatabilityUITests;
			productName = DatabilityUITests;
			productReference = 02ABD79528C2C2ED00A7D455 /* DatabilityUITests.xctest */;
			productType = "com.apple.product-type.bundle.ui-testing";
		};
/* End PBXNativeTarget section */

/* Begin PBXProject section */
		02ABD76D28C2C2E800A7D455 /* Project object */ = {
			isa = PBXProject;
			attributes = {
				BuildIndependentTargetsInParallel = 1;
				LastSwiftUpdateCheck = 1340;
				LastUpgradeCheck = 1340;
				TargetAttributes = {
					02ABD77428C2C2E800A7D455 = {
						CreatedOnToolsVersion = 13.4.1;
					};
					02ABD78A28C2C2ED00A7D455 = {
						CreatedOnToolsVersion = 13.4.1;
						TestTargetID = 02ABD77428C2C2E800A7D455;
					};
					02ABD79428C2C2ED00A7D455 = {
						CreatedOnToolsVersion = 13.4.1;
						TestTargetID = 02ABD77428C2C2E800A7D455;
					};
				};
			};
			buildConfigurationList = 02ABD77028C2C2E800A7D455 /* Build configuration list for PBXProject "Datability" */;
			compatibilityVersion = "Xcode 13.0";
			developmentRegion = en;
			hasScannedForEncodings = 0;
			knownRegions = (
				en,
				Base,
			);
			mainGroup = 02ABD76C28C2C2E800A7D455;
			packageReferences = (
				02B8744628C30E2200A0EA2D /* XCRemoteSwiftPackageReference "bottombar-swiftui" */,
			);
			productRefGroup = 02ABD77628C2C2E800A7D455 /* Products */;
			projectDirPath = "";
			projectRoot = "";
			targets = (
				02ABD77428C2C2E800A7D455 /* Datability */,
				02ABD78A28C2C2ED00A7D455 /* DatabilityTests */,
				02ABD79428C2C2ED00A7D455 /* DatabilityUITests */,
			);
		};
/* End PBXProject section */

/* Begin PBXResourcesBuildPhase section */
		02ABD77328C2C2E800A7D455 /* Resources */ = {
			isa = PBXResourcesBuildPhase;
			buildActionMask = 2147483647;
			files = (
				02ABD78528C2C2ED00A7D455 /* LaunchScreen.storyboard in Resources */,
				02ABD78228C2C2ED00A7D455 /* Assets.xcassets in Resources */,
				022BBF2F28C2D0DA009DDA93 /* GoogleService-Info.plist in Resources */,
				02ABD78028C2C2E800A7D455 /* Main.storyboard in Resources */,
			);
			runOnlyForDeploymentPostprocessing = 0;
		};
		02ABD78928C2C2ED00A7D455 /* Resources */ = {
			isa = PBXResourcesBuildPhase;
			buildActionMask = 2147483647;
			files = (
			);
			runOnlyForDeploymentPostprocessing = 0;
		};
		02ABD79328C2C2ED00A7D455 /* Resources */ = {
			isa = PBXResourcesBuildPhase;
			buildActionMask = 2147483647;
			files = (
			);
			runOnlyForDeploymentPostprocessing = 0;
		};
/* End PBXResourcesBuildPhase section */

/* Begin PBXShellScriptBuildPhase section */
		55025377FEFD5E734ADE3E12 /* [CP] Embed Pods Frameworks */ = {
			isa = PBXShellScriptBuildPhase;
			buildActionMask = 2147483647;
			files = (
			);
			inputFileListPaths = (
				"${PODS_ROOT}/Target Support Files/Pods-Datability/Pods-Datability-frameworks-${CONFIGURATION}-input-files.xcfilelist",
			);
			name = "[CP] Embed Pods Frameworks";
			outputFileListPaths = (
				"${PODS_ROOT}/Target Support Files/Pods-Datability/Pods-Datability-frameworks-${CONFIGURATION}-output-files.xcfilelist",
			);
			runOnlyForDeploymentPostprocessing = 0;
			shellPath = /bin/sh;
			shellScript = "\"${PODS_ROOT}/Target Support Files/Pods-Datability/Pods-Datability-frameworks.sh\"\n";
			showEnvVarsInLog = 0;
		};
		76D0D570A59F93D4A3CE900F /* [CP] Embed Pods Frameworks */ = {
			isa = PBXShellScriptBuildPhase;
			buildActionMask = 2147483647;
			files = (
			);
			inputFileListPaths = (
				"${PODS_ROOT}/Target Support Files/Pods-Datability-DatabilityUITests/Pods-Datability-DatabilityUITests-frameworks-${CONFIGURATION}-input-files.xcfilelist",
			);
			name = "[CP] Embed Pods Frameworks";
			outputFileListPaths = (
				"${PODS_ROOT}/Target Support Files/Pods-Datability-DatabilityUITests/Pods-Datability-DatabilityUITests-frameworks-${CONFIGURATION}-output-files.xcfilelist",
			);
			runOnlyForDeploymentPostprocessing = 0;
			shellPath = /bin/sh;
			shellScript = "\"${PODS_ROOT}/Target Support Files/Pods-Datability-DatabilityUITests/Pods-Datability-DatabilityUITests-frameworks.sh\"\n";
			showEnvVarsInLog = 0;
		};
		AE3F8302D92CB0BE6A46124D /* [CP] Check Pods Manifest.lock */ = {
			isa = PBXShellScriptBuildPhase;
			buildActionMask = 2147483647;
			files = (
			);
			inputFileListPaths = (
			);
			inputPaths = (
				"${PODS_PODFILE_DIR_PATH}/Podfile.lock",
				"${PODS_ROOT}/Manifest.lock",
			);
			name = "[CP] Check Pods Manifest.lock";
			outputFileListPaths = (
			);
			outputPaths = (
				"$(DERIVED_FILE_DIR)/Pods-DatabilityTests-checkManifestLockResult.txt",
			);
			runOnlyForDeploymentPostprocessing = 0;
			shellPath = /bin/sh;
			shellScript = "diff \"${PODS_PODFILE_DIR_PATH}/Podfile.lock\" \"${PODS_ROOT}/Manifest.lock\" > /dev/null\nif [ $? != 0 ] ; then\n    # print error to STDERR\n    echo \"error: The sandbox is not in sync with the Podfile.lock. Run 'pod install' or update your CocoaPods installation.\" >&2\n    exit 1\nfi\n# This output is used by Xcode 'outputs' to avoid re-running this script phase.\necho \"SUCCESS\" > \"${SCRIPT_OUTPUT_FILE_0}\"\n";
			showEnvVarsInLog = 0;
		};
		C1648DC56D4EE8A49CBD7B85 /* [CP] Check Pods Manifest.lock */ = {
			isa = PBXShellScriptBuildPhase;
			buildActionMask = 2147483647;
			files = (
			);
			inputFileListPaths = (
			);
			inputPaths = (
				"${PODS_PODFILE_DIR_PATH}/Podfile.lock",
				"${PODS_ROOT}/Manifest.lock",
			);
			name = "[CP] Check Pods Manifest.lock";
			outputFileListPaths = (
			);
			outputPaths = (
				"$(DERIVED_FILE_DIR)/Pods-Datability-checkManifestLockResult.txt",
			);
			runOnlyForDeploymentPostprocessing = 0;
			shellPath = /bin/sh;
			shellScript = "diff \"${PODS_PODFILE_DIR_PATH}/Podfile.lock\" \"${PODS_ROOT}/Manifest.lock\" > /dev/null\nif [ $? != 0 ] ; then\n    # print error to STDERR\n    echo \"error: The sandbox is not in sync with the Podfile.lock. Run 'pod install' or update your CocoaPods installation.\" >&2\n    exit 1\nfi\n# This output is used by Xcode 'outputs' to avoid re-running this script phase.\necho \"SUCCESS\" > \"${SCRIPT_OUTPUT_FILE_0}\"\n";
			showEnvVarsInLog = 0;
		};
		C9E81D54E6A36B2CBC07D276 /* [CP] Check Pods Manifest.lock */ = {
			isa = PBXShellScriptBuildPhase;
			buildActionMask = 2147483647;
			files = (
			);
			inputFileListPaths = (
			);
			inputPaths = (
				"${PODS_PODFILE_DIR_PATH}/Podfile.lock",
				"${PODS_ROOT}/Manifest.lock",
			);
			name = "[CP] Check Pods Manifest.lock";
			outputFileListPaths = (
			);
			outputPaths = (
				"$(DERIVED_FILE_DIR)/Pods-Datability-DatabilityUITests-checkManifestLockResult.txt",
			);
			runOnlyForDeploymentPostprocessing = 0;
			shellPath = /bin/sh;
			shellScript = "diff \"${PODS_PODFILE_DIR_PATH}/Podfile.lock\" \"${PODS_ROOT}/Manifest.lock\" > /dev/null\nif [ $? != 0 ] ; then\n    # print error to STDERR\n    echo \"error: The sandbox is not in sync with the Podfile.lock. Run 'pod install' or update your CocoaPods installation.\" >&2\n    exit 1\nfi\n# This output is used by Xcode 'outputs' to avoid re-running this script phase.\necho \"SUCCESS\" > \"${SCRIPT_OUTPUT_FILE_0}\"\n";
			showEnvVarsInLog = 0;
		};
/* End PBXShellScriptBuildPhase section */

/* Begin PBXSourcesBuildPhase section */
		02ABD77128C2C2E800A7D455 /* Sources */ = {
			isa = PBXSourcesBuildPhase;
			buildActionMask = 2147483647;
			files = (
				02B8745028C36DCA00A0EA2D /* PlantScannerPost.swift in Sources */,
				02C8E50928C308F800A41A99 /* DatabilityFetchFirestoreProfile.swift in Sources */,
				02ABD77D28C2C2E800A7D455 /* ViewController.swift in Sources */,
				02ABD77928C2C2E800A7D455 /* AppDelegate.swift in Sources */,
				02C8E50528C3007E00A41A99 /* DatabilityProfile.swift in Sources */,
				02B8744E28C357B000A0EA2D /* DatabilityChallengeExplanation.swift in Sources */,
				02B8744A28C30FE700A0EA2D /* DatabilityChallenges.swift in Sources */,
				024B769728C3D348005C77A9 /* DatabilityMaps.swift in Sources */,
				02C8E50728C3027000A41A99 /* DatabilityUserLoginFirebase.swift in Sources */,
				022BBF2A28C2C889009DDA93 /* DatabilityLogin.swift in Sources */,
				02ABD77B28C2C2E800A7D455 /* SceneDelegate.swift in Sources */,
				02C8E50328C3007600A41A99 /* DatabilityUser.swift in Sources */,
				02B8744C28C33BBE00A0EA2D /* HomeBottomBar.swift in Sources */,
				0201FD7528C2F35900023BEA /* DatabilityPersonalInfo.swift in Sources */,
			);
			runOnlyForDeploymentPostprocessing = 0;
		};
		02ABD78728C2C2ED00A7D455 /* Sources */ = {
			isa = PBXSourcesBuildPhase;
			buildActionMask = 2147483647;
			files = (
				02ABD79028C2C2ED00A7D455 /* DatabilityTests.swift in Sources */,
			);
			runOnlyForDeploymentPostprocessing = 0;
		};
		02ABD79128C2C2ED00A7D455 /* Sources */ = {
			isa = PBXSourcesBuildPhase;
			buildActionMask = 2147483647;
			files = (
				02ABD79A28C2C2ED00A7D455 /* DatabilityUITests.swift in Sources */,
				02ABD79C28C2C2ED00A7D455 /* DatabilityUITestsLaunchTests.swift in Sources */,
			);
			runOnlyForDeploymentPostprocessing = 0;
		};
/* End PBXSourcesBuildPhase section */

/* Begin PBXTargetDependency section */
		02ABD78D28C2C2ED00A7D455 /* PBXTargetDependency */ = {
			isa = PBXTargetDependency;
			target = 02ABD77428C2C2E800A7D455 /* Datability */;
			targetProxy = 02ABD78C28C2C2ED00A7D455 /* PBXContainerItemProxy */;
		};
		02ABD79728C2C2ED00A7D455 /* PBXTargetDependency */ = {
			isa = PBXTargetDependency;
			target = 02ABD77428C2C2E800A7D455 /* Datability */;
			targetProxy = 02ABD79628C2C2ED00A7D455 /* PBXContainerItemProxy */;
		};
/* End PBXTargetDependency section */

/* Begin PBXVariantGroup section */
		02ABD77E28C2C2E800A7D455 /* Main.storyboard */ = {
			isa = PBXVariantGroup;
			children = (
				02ABD77F28C2C2E800A7D455 /* Base */,
			);
			name = Main.storyboard;
			sourceTree = "<group>";
		};
		02ABD78328C2C2ED00A7D455 /* LaunchScreen.storyboard */ = {
			isa = PBXVariantGroup;
			children = (
				02ABD78428C2C2ED00A7D455 /* Base */,
			);
			name = LaunchScreen.storyboard;
			sourceTree = "<group>";
		};
/* End PBXVariantGroup section */

/* Begin XCBuildConfiguration section */
		02ABD79D28C2C2ED00A7D455 /* Debug */ = {
			isa = XCBuildConfiguration;
			buildSettings = {
				ALWAYS_SEARCH_USER_PATHS = NO;
				CLANG_ANALYZER_NONNULL = YES;
				CLANG_ANALYZER_NUMBER_OBJECT_CONVERSION = YES_AGGRESSIVE;
				CLANG_CXX_LANGUAGE_STANDARD = "gnu++17";
				CLANG_ENABLE_MODULES = YES;
				CLANG_ENABLE_OBJC_ARC = YES;
				CLANG_ENABLE_OBJC_WEAK = YES;
				CLANG_WARN_BLOCK_CAPTURE_AUTORELEASING = YES;
				CLANG_WARN_BOOL_CONVERSION = YES;
				CLANG_WARN_COMMA = YES;
				CLANG_WARN_CONSTANT_CONVERSION = YES;
				CLANG_WARN_DEPRECATED_OBJC_IMPLEMENTATIONS = YES;
				CLANG_WARN_DIRECT_OBJC_ISA_USAGE = YES_ERROR;
				CLANG_WARN_DOCUMENTATION_COMMENTS = YES;
				CLANG_WARN_EMPTY_BODY = YES;
				CLANG_WARN_ENUM_CONVERSION = YES;
				CLANG_WARN_INFINITE_RECURSION = YES;
				CLANG_WARN_INT_CONVERSION = YES;
				CLANG_WARN_NON_LITERAL_NULL_CONVERSION = YES;
				CLANG_WARN_OBJC_IMPLICIT_RETAIN_SELF = YES;
				CLANG_WARN_OBJC_LITERAL_CONVERSION = YES;
				CLANG_WARN_OBJC_ROOT_CLASS = YES_ERROR;
				CLANG_WARN_QUOTED_INCLUDE_IN_FRAMEWORK_HEADER = YES;
				CLANG_WARN_RANGE_LOOP_ANALYSIS = YES;
				CLANG_WARN_STRICT_PROTOTYPES = YES;
				CLANG_WARN_SUSPICIOUS_MOVE = YES;
				CLANG_WARN_UNGUARDED_AVAILABILITY = YES_AGGRESSIVE;
				CLANG_WARN_UNREACHABLE_CODE = YES;
				CLANG_WARN__DUPLICATE_METHOD_MATCH = YES;
				COPY_PHASE_STRIP = NO;
				DEBUG_INFORMATION_FORMAT = dwarf;
				ENABLE_STRICT_OBJC_MSGSEND = YES;
				ENABLE_TESTABILITY = YES;
				GCC_C_LANGUAGE_STANDARD = gnu11;
				GCC_DYNAMIC_NO_PIC = NO;
				GCC_NO_COMMON_BLOCKS = YES;
				GCC_OPTIMIZATION_LEVEL = 0;
				GCC_PREPROCESSOR_DEFINITIONS = (
					"DEBUG=1",
					"$(inherited)",
				);
				GCC_WARN_64_TO_32_BIT_CONVERSION = YES;
				GCC_WARN_ABOUT_RETURN_TYPE = YES_ERROR;
				GCC_WARN_UNDECLARED_SELECTOR = YES;
				GCC_WARN_UNINITIALIZED_AUTOS = YES_AGGRESSIVE;
				GCC_WARN_UNUSED_FUNCTION = YES;
				GCC_WARN_UNUSED_VARIABLE = YES;
				IPHONEOS_DEPLOYMENT_TARGET = 15.5;
				MTL_ENABLE_DEBUG_INFO = INCLUDE_SOURCE;
				MTL_FAST_MATH = YES;
				ONLY_ACTIVE_ARCH = YES;
				SDKROOT = iphoneos;
				SWIFT_ACTIVE_COMPILATION_CONDITIONS = DEBUG;
				SWIFT_OPTIMIZATION_LEVEL = "-Onone";
			};
			name = Debug;
		};
		02ABD79E28C2C2ED00A7D455 /* Release */ = {
			isa = XCBuildConfiguration;
			buildSettings = {
				ALWAYS_SEARCH_USER_PATHS = NO;
				CLANG_ANALYZER_NONNULL = YES;
				CLANG_ANALYZER_NUMBER_OBJECT_CONVERSION = YES_AGGRESSIVE;
				CLANG_CXX_LANGUAGE_STANDARD = "gnu++17";
				CLANG_ENABLE_MODULES = YES;
				CLANG_ENABLE_OBJC_ARC = YES;
				CLANG_ENABLE_OBJC_WEAK = YES;
				CLANG_WARN_BLOCK_CAPTURE_AUTORELEASING = YES;
				CLANG_WARN_BOOL_CONVERSION = YES;
				CLANG_WARN_COMMA = YES;
				CLANG_WARN_CONSTANT_CONVERSION = YES;
				CLANG_WARN_DEPRECATED_OBJC_IMPLEMENTATIONS = YES;
				CLANG_WARN_DIRECT_OBJC_ISA_USAGE = YES_ERROR;
				CLANG_WARN_DOCUMENTATION_COMMENTS = YES;
				CLANG_WARN_EMPTY_BODY = YES;
				CLANG_WARN_ENUM_CONVERSION = YES;
				CLANG_WARN_INFINITE_RECURSION = YES;
				CLANG_WARN_INT_CONVERSION = YES;
				CLANG_WARN_NON_LITERAL_NULL_CONVERSION = YES;
				CLANG_WARN_OBJC_IMPLICIT_RETAIN_SELF = YES;
				CLANG_WARN_OBJC_LITERAL_CONVERSION = YES;
				CLANG_WARN_OBJC_ROOT_CLASS = YES_ERROR;
				CLANG_WARN_QUOTED_INCLUDE_IN_FRAMEWORK_HEADER = YES;
				CLANG_WARN_RANGE_LOOP_ANALYSIS = YES;
				CLANG_WARN_STRICT_PROTOTYPES = YES;
				CLANG_WARN_SUSPICIOUS_MOVE = YES;
				CLANG_WARN_UNGUARDED_AVAILABILITY = YES_AGGRESSIVE;
				CLANG_WARN_UNREACHABLE_CODE = YES;
				CLANG_WARN__DUPLICATE_METHOD_MATCH = YES;
				COPY_PHASE_STRIP = NO;
				DEBUG_INFORMATION_FORMAT = "dwarf-with-dsym";
				ENABLE_NS_ASSERTIONS = NO;
				ENABLE_STRICT_OBJC_MSGSEND = YES;
				GCC_C_LANGUAGE_STANDARD = gnu11;
				GCC_NO_COMMON_BLOCKS = YES;
				GCC_WARN_64_TO_32_BIT_CONVERSION = YES;
				GCC_WARN_ABOUT_RETURN_TYPE = YES_ERROR;
				GCC_WARN_UNDECLARED_SELECTOR = YES;
				GCC_WARN_UNINITIALIZED_AUTOS = YES_AGGRESSIVE;
				GCC_WARN_UNUSED_FUNCTION = YES;
				GCC_WARN_UNUSED_VARIABLE = YES;
				IPHONEOS_DEPLOYMENT_TARGET = 15.5;
				MTL_ENABLE_DEBUG_INFO = NO;
				MTL_FAST_MATH = YES;
				SDKROOT = iphoneos;
				SWIFT_COMPILATION_MODE = wholemodule;
				SWIFT_OPTIMIZATION_LEVEL = "-O";
				VALIDATE_PRODUCT = YES;
			};
			name = Release;
		};
		02ABD7A028C2C2ED00A7D455 /* Debug */ = {
			isa = XCBuildConfiguration;
			baseConfigurationReference = 21560270074302CB1A9FFBD8 /* Pods-Datability.debug.xcconfig */;
			buildSettings = {
				ASSETCATALOG_COMPILER_APPICON_NAME = AppIcon;
				ASSETCATALOG_COMPILER_GLOBAL_ACCENT_COLOR_NAME = AccentColor;
				CODE_SIGN_ENTITLEMENTS = Datability/Datability.entitlements;
				CODE_SIGN_STYLE = Automatic;
				CURRENT_PROJECT_VERSION = 1;
				DEVELOPMENT_TEAM = LU5L9YLQSG;
				GENERATE_INFOPLIST_FILE = YES;
				INFOPLIST_FILE = Datability/Info.plist;
				INFOPLIST_KEY_NSCameraUsageDescription = "Datability needs your camera to take a picture to enter in your submissions.";
				INFOPLIST_KEY_NSLocationAlwaysAndWhenInUseUsageDescription = "Datability needs your location to show you appropriate challenges best curated for you.";
				INFOPLIST_KEY_NSLocationAlwaysUsageDescription = "Datability needs your location to show you appropriate challenges best curated for you.";
				INFOPLIST_KEY_NSLocationWhenInUseUsageDescription = "Datability needs your location to show you appropriate challenges best curated for you.";
				INFOPLIST_KEY_UIApplicationSupportsIndirectInputEvents = YES;
				INFOPLIST_KEY_UILaunchStoryboardName = LaunchScreen;
				INFOPLIST_KEY_UIMainStoryboardFile = Main;
				INFOPLIST_KEY_UISupportedInterfaceOrientations = "UIInterfaceOrientationPortrait UIInterfaceOrientationPortraitUpsideDown";
				INFOPLIST_KEY_UISupportedInterfaceOrientations_iPad = "UIInterfaceOrientationPortrait UIInterfaceOrientationPortraitUpsideDown UIInterfaceOrientationLandscapeLeft UIInterfaceOrientationLandscapeRight";
				INFOPLIST_KEY_UISupportedInterfaceOrientations_iPhone = "UIInterfaceOrientationPortrait UIInterfaceOrientationLandscapeLeft UIInterfaceOrientationLandscapeRight";
				LD_RUNPATH_SEARCH_PATHS = (
					"$(inherited)",
					"@executable_path/Frameworks",
				);
				MARKETING_VERSION = 1.0;
				PRODUCT_BUNDLE_IDENTIFIER = com.pennapps.Datability1;
				PRODUCT_NAME = "$(TARGET_NAME)";
				SWIFT_EMIT_LOC_STRINGS = YES;
				SWIFT_VERSION = 5.0;
				TARGETED_DEVICE_FAMILY = "1,2";
			};
			name = Debug;
		};
		02ABD7A128C2C2ED00A7D455 /* Release */ = {
			isa = XCBuildConfiguration;
			baseConfigurationReference = C3E8939A588DC295E51585FC /* Pods-Datability.release.xcconfig */;
			buildSettings = {
				ASSETCATALOG_COMPILER_APPICON_NAME = AppIcon;
				ASSETCATALOG_COMPILER_GLOBAL_ACCENT_COLOR_NAME = AccentColor;
				CODE_SIGN_ENTITLEMENTS = Datability/Datability.entitlements;
				CODE_SIGN_STYLE = Automatic;
				CURRENT_PROJECT_VERSION = 1;
				DEVELOPMENT_TEAM = LU5L9YLQSG;
				GENERATE_INFOPLIST_FILE = YES;
				INFOPLIST_FILE = Datability/Info.plist;
				INFOPLIST_KEY_NSCameraUsageDescription = "Datability needs your camera to take a picture to enter in your submissions.";
				INFOPLIST_KEY_NSLocationAlwaysAndWhenInUseUsageDescription = "Datability needs your location to show you appropriate challenges best curated for you.";
				INFOPLIST_KEY_NSLocationAlwaysUsageDescription = "Datability needs your location to show you appropriate challenges best curated for you.";
				INFOPLIST_KEY_NSLocationWhenInUseUsageDescription = "Datability needs your location to show you appropriate challenges best curated for you.";
				INFOPLIST_KEY_UIApplicationSupportsIndirectInputEvents = YES;
				INFOPLIST_KEY_UILaunchStoryboardName = LaunchScreen;
				INFOPLIST_KEY_UIMainStoryboardFile = Main;
				INFOPLIST_KEY_UISupportedInterfaceOrientations = "UIInterfaceOrientationPortrait UIInterfaceOrientationPortraitUpsideDown";
				INFOPLIST_KEY_UISupportedInterfaceOrientations_iPad = "UIInterfaceOrientationPortrait UIInterfaceOrientationPortraitUpsideDown UIInterfaceOrientationLandscapeLeft UIInterfaceOrientationLandscapeRight";
				INFOPLIST_KEY_UISupportedInterfaceOrientations_iPhone = "UIInterfaceOrientationPortrait UIInterfaceOrientationLandscapeLeft UIInterfaceOrientationLandscapeRight";
				LD_RUNPATH_SEARCH_PATHS = (
					"$(inherited)",
					"@executable_path/Frameworks",
				);
				MARKETING_VERSION = 1.0;
				PRODUCT_BUNDLE_IDENTIFIER = com.pennapps.Datability1;
				PRODUCT_NAME = "$(TARGET_NAME)";
				SWIFT_EMIT_LOC_STRINGS = YES;
				SWIFT_VERSION = 5.0;
				TARGETED_DEVICE_FAMILY = "1,2";
			};
			name = Release;
		};
		02ABD7A328C2C2ED00A7D455 /* Debug */ = {
			isa = XCBuildConfiguration;
			baseConfigurationReference = C8F22F890DE29D2996A7F859 /* Pods-DatabilityTests.debug.xcconfig */;
			buildSettings = {
				ALWAYS_EMBED_SWIFT_STANDARD_LIBRARIES = YES;
				BUNDLE_LOADER = "$(TEST_HOST)";
				CODE_SIGN_STYLE = Automatic;
				CURRENT_PROJECT_VERSION = 1;
				DEVELOPMENT_TEAM = S3FC37JZ2V;
				GENERATE_INFOPLIST_FILE = YES;
				IPHONEOS_DEPLOYMENT_TARGET = 15.5;
				MARKETING_VERSION = 1.0;
				PRODUCT_BUNDLE_IDENTIFIER = com.pennapps.DatabilityTests;
				PRODUCT_NAME = "$(TARGET_NAME)";
				SWIFT_EMIT_LOC_STRINGS = NO;
				SWIFT_VERSION = 5.0;
				TARGETED_DEVICE_FAMILY = "1,2";
				TEST_HOST = "$(BUILT_PRODUCTS_DIR)/Datability.app/Datability";
			};
			name = Debug;
		};
		02ABD7A428C2C2ED00A7D455 /* Release */ = {
			isa = XCBuildConfiguration;
			baseConfigurationReference = 25B9D97C35E33989FB519F90 /* Pods-DatabilityTests.release.xcconfig */;
			buildSettings = {
				ALWAYS_EMBED_SWIFT_STANDARD_LIBRARIES = YES;
				BUNDLE_LOADER = "$(TEST_HOST)";
				CODE_SIGN_STYLE = Automatic;
				CURRENT_PROJECT_VERSION = 1;
				DEVELOPMENT_TEAM = S3FC37JZ2V;
				GENERATE_INFOPLIST_FILE = YES;
				IPHONEOS_DEPLOYMENT_TARGET = 15.5;
				MARKETING_VERSION = 1.0;
				PRODUCT_BUNDLE_IDENTIFIER = com.pennapps.DatabilityTests;
				PRODUCT_NAME = "$(TARGET_NAME)";
				SWIFT_EMIT_LOC_STRINGS = NO;
				SWIFT_VERSION = 5.0;
				TARGETED_DEVICE_FAMILY = "1,2";
				TEST_HOST = "$(BUILT_PRODUCTS_DIR)/Datability.app/Datability";
			};
			name = Release;
		};
		02ABD7A628C2C2ED00A7D455 /* Debug */ = {
			isa = XCBuildConfiguration;
			baseConfigurationReference = D14EE42813C206D889758C1E /* Pods-Datability-DatabilityUITests.debug.xcconfig */;
			buildSettings = {
				ALWAYS_EMBED_SWIFT_STANDARD_LIBRARIES = YES;
				CODE_SIGN_STYLE = Automatic;
				CURRENT_PROJECT_VERSION = 1;
				DEVELOPMENT_TEAM = S3FC37JZ2V;
				GENERATE_INFOPLIST_FILE = YES;
				MARKETING_VERSION = 1.0;
				PRODUCT_BUNDLE_IDENTIFIER = com.pennapps.DatabilityUITests;
				PRODUCT_NAME = "$(TARGET_NAME)";
				SWIFT_EMIT_LOC_STRINGS = NO;
				SWIFT_VERSION = 5.0;
				TARGETED_DEVICE_FAMILY = "1,2";
				TEST_TARGET_NAME = Datability;
			};
			name = Debug;
		};
		02ABD7A728C2C2ED00A7D455 /* Release */ = {
			isa = XCBuildConfiguration;
			baseConfigurationReference = 62DCD164EBE6E2009F24362B /* Pods-Datability-DatabilityUITests.release.xcconfig */;
			buildSettings = {
				ALWAYS_EMBED_SWIFT_STANDARD_LIBRARIES = YES;
				CODE_SIGN_STYLE = Automatic;
				CURRENT_PROJECT_VERSION = 1;
				DEVELOPMENT_TEAM = S3FC37JZ2V;
				GENERATE_INFOPLIST_FILE = YES;
				MARKETING_VERSION = 1.0;
				PRODUCT_BUNDLE_IDENTIFIER = com.pennapps.DatabilityUITests;
				PRODUCT_NAME = "$(TARGET_NAME)";
				SWIFT_EMIT_LOC_STRINGS = NO;
				SWIFT_VERSION = 5.0;
				TARGETED_DEVICE_FAMILY = "1,2";
				TEST_TARGET_NAME = Datability;
			};
			name = Release;
		};
/* End XCBuildConfiguration section */

/* Begin XCConfigurationList section */
		02ABD77028C2C2E800A7D455 /* Build configuration list for PBXProject "Datability" */ = {
			isa = XCConfigurationList;
			buildConfigurations = (
				02ABD79D28C2C2ED00A7D455 /* Debug */,
				02ABD79E28C2C2ED00A7D455 /* Release */,
			);
			defaultConfigurationIsVisible = 0;
			defaultConfigurationName = Release;
		};
		02ABD79F28C2C2ED00A7D455 /* Build configuration list for PBXNativeTarget "Datability" */ = {
			isa = XCConfigurationList;
			buildConfigurations = (
				02ABD7A028C2C2ED00A7D455 /* Debug */,
				02ABD7A128C2C2ED00A7D455 /* Release */,
			);
			defaultConfigurationIsVisible = 0;
			defaultConfigurationName = Release;
		};
		02ABD7A228C2C2ED00A7D455 /* Build configuration list for PBXNativeTarget "DatabilityTests" */ = {
			isa = XCConfigurationList;
			buildConfigurations = (
				02ABD7A328C2C2ED00A7D455 /* Debug */,
				02ABD7A428C2C2ED00A7D455 /* Release */,
			);
			defaultConfigurationIsVisible = 0;
			defaultConfigurationName = Release;
		};
		02ABD7A528C2C2ED00A7D455 /* Build configuration list for PBXNativeTarget "DatabilityUITests" */ = {
			isa = XCConfigurationList;
			buildConfigurations = (
				02ABD7A628C2C2ED00A7D455 /* Debug */,
				02ABD7A728C2C2ED00A7D455 /* Release */,
			);
			defaultConfigurationIsVisible = 0;
			defaultConfigurationName = Release;
		};
/* End XCConfigurationList section */

/* Begin XCRemoteSwiftPackageReference section */
		02B8744628C30E2200A0EA2D /* XCRemoteSwiftPackageReference "bottombar-swiftui" */ = {
			isa = XCRemoteSwiftPackageReference;
			repositoryURL = "https://github.com/smartvipere75/bottombar-swiftui";
			requirement = {
				branch = master;
				kind = branch;
			};
		};
/* End XCRemoteSwiftPackageReference section */

/* Begin XCSwiftPackageProductDependency section */
		02B8744728C30E2200A0EA2D /* BottomBar-SwiftUI */ = {
			isa = XCSwiftPackageProductDependency;
			package = 02B8744628C30E2200A0EA2D /* XCRemoteSwiftPackageReference "bottombar-swiftui" */;
			productName = "BottomBar-SwiftUI";
		};
/* End XCSwiftPackageProductDependency section */
	};
	rootObject = 02ABD76D28C2C2E800A7D455 /* Project object */;
}
